PODS:
  - Flutter (1.0.0)
  - tipui (0.0.1):
    - Flutter

DEPENDENCIES:
  - Flutter (from `.symlinks/flutter/ios`)
  - tipui (from `.symlinks/plugins/tipui/ios`)

EXTERNAL SOURCES:
  Flutter:
    :path: ".symlinks/flutter/ios"
  tipui:
    :path: ".symlinks/plugins/tipui/ios"

SPEC CHECKSUMS:
  Flutter: 0e3d915762c693b495b44d77113d4970485de6ec
  tipui: 91a9d5fe064bef7ad7e31df5655dc19471fd10b3

PODFILE CHECKSUM: 10ae9c18d12c9ffc2275c9a159a3b1e281990db0

COCOAPODS: 1.7.5
